
Microsoft Visual Studio Solution File, Format Version 12.00
# Visual Studio Version 17
VisualStudioVersion = 17.6.33815.320
MinimumVisualStudioVersion = 10.0.40219.1
Project("{9A19103F-16F7-4668-BE54-9A1E7A4F7556}") = "CSharpJourney", "CSharpJourney\CSharpJourney.csproj", "{1F2B8BC8-1197-4D86-A857-3544D627A3B3}"
EndProject
Project("{2150E333-8FDC-42A3-9474-1A3956D46DE8}") = "Solution Items", "Solution Items", "{139A5CF1-5EEF-48D9-BE28-27C5A44DE62E}"
	ProjectSection(SolutionItems) = preProject
		.editorconfig = .editorconfig
	EndProjectSection
EndProject
Global
	GlobalSection(SolutionConfigurationPlatforms) = preSolution
		Debug|Any CPU = Debug|Any CPU
		Release|Any CPU = Release|Any CPU
	EndGlobalSection
	GlobalSection(ProjectConfigurationPlatforms) = postSolution
		{1F2B8BC8-1197-4D86-A857-3544D627A3B3}.Debug|Any CPU.ActiveCfg = Debug|Any CPU
		{1F2B8BC8-1197-4D86-A857-3544D627A3B3}.Debug|Any CPU.Build.0 = Debug|Any CPU
		{1F2B8BC8-1197-4D86-A857-3544D627A3B3}.Release|Any CPU.ActiveCfg = Release|Any CPU
		{1F2B8BC8-1197-4D86-A857-3544D627A3B3}.Release|Any CPU.Build.0 = Release|Any CPU
	EndGlobalSection
	GlobalSection(SolutionProperties) = preSolution
		HideSolutionNode = FALSE
	EndGlobalSection
	GlobalSection(ExtensibilityGlobals) = postSolution
		SolutionGuid = {ECB6592D-0AC4-469A-B1E8-8931B13E8A2A}
	EndGlobalSection
EndGlobal
